// !$*UTF8*$!
{
	archiveVersion = 1;
	classes = {
	};
	objectVersion = 46;
	objects = {

/* Begin PBXBuildFile section */
		A0FC3F561B620E3F00250A60 /* main.m in Sources */ = {isa = PBXBuildFile; fileRef = A0FC3F551B620E3F00250A60 /* main.m */; };
		A0FC3F5E1B620F8100250A60 /* ClassTest.m in Sources */ = {isa = PBXBuildFile; fileRef = A0FC3F5D1B620F8100250A60 /* ClassTest.m */; };
/* End PBXBuildFile section */

/* Begin PBXCopyFilesBuildPhase section */
		A0FC3F501B620E3F00250A60 /* CopyFiles */ = {
			isa = PBXCopyFilesBuildPhase;
			buildActionMask = 2147483647;
			dstPath = /usr/share/man/man1/;
			dstSubfolderSpec = 0;
			files = (
			);
			runOnlyForDeploymentPostprocessing = 1;
		};
/* End PBXCopyFilesBuildPhase section */

/* Begin PBXFileReference section */
		A0FC3F521B620E3F00250A60 /* NSObject_Demo */ = {isa = PBXFileReference; explicitFileType = "compiled.mach-o.executable"; includeInIndex = 0; path = NSObject_Demo; sourceTree = BUILT_PRODUCTS_DIR; };
		A0FC3F551B620E3F00250A60 /* main.m */ = {isa = PBXFileReference; lastKnownFileType = sourcecode.c.objc; path = main.m; sourceTree = "<group>"; };
		A0FC3F5C1B620F8100250A60 /* ClassTest.h */ = {isa = PBXFileReference; fileEncoding = 4; lastKnownFileType = sourcecode.c.h; path = ClassTest.h; sourceTree = "<group>"; };
		A0FC3F5D1B620F8100250A60 /* ClassTest.m */ = {isa = PBXFileReference; fileEncoding = 4; lastKnownFileType = sourcecode.c.objc; path = ClassTest.m; sourceTree = "<group>"; };
/* End PBXFileReference section */

/* Begin PBXFrameworksBuildPhase section */
		A0FC3F4F1B620E3F00250A60 /* Frameworks */ = {
			isa = PBXFrameworksBuildPhase;
			buildActionMask = 2147483647;
			files = (
			);
			runOnlyForDeploymentPostprocessing = 0;
		};
/* End PBXFrameworksBuildPhase section */

/* Begin PBXGroup section */
		A0FC3F491B620E3F00250A60 = {
			isa = PBXGroup;
			children = (
				A0FC3F541B620E3F00250A60 /* NSObject_Demo */,
				A0FC3F531B620E3F00250A60 /* Products */,
			);
			sourceTree = "<group>";
		};
		A0FC3F531B620E3F00250A60 /* Products */ = {
			isa = PBXGroup;
			children = (
				A0FC3F521B620E3F00250A60 /* NSObject_Demo */,
			);
			name = Products;
			sourceTree = "<group>";
		};
		A0FC3F541B620E3F00250A60 /* NSObject_Demo */ = {
			isa = PBXGroup;
			children = (
				A0FC3F551B620E3F00250A60 /* main.m */,
				A0FC3F5C1B620F8100250A60 /* ClassTest.h */,
				A0FC3F5D1B620F8100250A60 /* ClassTest.m */,
			);
			path = NSObject_Demo;
			sourceTree = "<group>";
		};
/* End PBXGroup section */

/* Begin PBXNativeTarget section */
		A0FC3F511B620E3F00250A60 /* NSObject_Demo */ = {
			isa = PBXNativeTarget;
			buildConfigurationList = A0FC3F591B620E3F00250A60 /* Build configuration list for PBXNativeTarget "NSObject_Demo" */;
			buildPhases = (
				A0FC3F4E1B620E3F00250A60 /* Sources */,
				A0FC3F4F1B620E3F00250A60 /* Frameworks */,
				A0FC3F501B620E3F00250A60 /* CopyFiles */,
			);
			buildRules = (
			);
			dependencies = (
			);
			name = NSObject_Demo;
			productName = NSObject_Demo;
			productReference = A0FC3F521B620E3F00250A60 /* NSObject_Demo */;
			productType = "com.apple.product-type.tool";
		};
/* End PBXNativeTarget section */

/* Begin PBXProject section */
		A0FC3F4A1B620E3F00250A60 /* Project object */ = {
			isa = PBXProject;
			attributes = {
				LastUpgradeCheck = 0610;
				ORGANIZATIONNAME = "tens十安科技";
				TargetAttributes = {
					A0FC3F511B620E3F00250A60 = {
						CreatedOnToolsVersion = 6.1.1;
					};
				};
			};
			buildConfigurationList = A0FC3F4D1B620E3F00250A60 /* Build configuration list for PBXProject "NSObject_Demo" */;
			compatibilityVersion = "Xcode 3.2";
			developmentRegion = English;
			hasScannedForEncodings = 0;
			knownRegions = (
				en,
			);
			mainGroup = A0FC3F491B620E3F00250A60;
			productRefGroup = A0FC3F531B620E3F00250A60 /* Products */;
			projectDirPath = "";
			projectRoot = "";
			targets = (
				A0FC3F511B620E3F00250A60 /* NSObject_Demo */,
			);
		};
/* End PBXProject section */

/* Begin PBXSourcesBuildPhase section */
		A0FC3F4E1B620E3F00250A60 /* Sources */ = {
			isa = PBXSourcesBuildPhase;
			buildActionMask = 2147483647;
			files = (
				A0FC3F5E1B620F8100250A60 /* ClassTest.m in Sources */,
				A0FC3F561B620E3F00250A60 /* main.m in Sources */,
			);
			runOnlyForDeploymentPostprocessing = 0;
		};
/* End PBXSourcesBuildPhase section */

/* Begin XCBuildConfiguration section */
		A0FC3F571B620E3F00250A60 /* Debug */ = {
			isa = XCBuildConfiguration;
			buildSettings = {
				ALWAYS_SEARCH_USER_PATHS = NO;
				CLANG_CXX_LANGUAGE_STANDARD = "gnu++0x";
				CLANG_CXX_LIBRARY = "libc++";
				CLANG_ENABLE_MODULES = YES;
				CLANG_ENABLE_OBJC_ARC = YES;
				CLANG_WARN_BOOL_CONVERSION = YES;
				CLANG_WARN_CONSTANT_CONVERSION = YES;
				CLANG_WARN_DIRECT_OBJC_ISA_USAGE = YES_ERROR;
				CLANG_WARN_EMPTY_BODY = YES;
				CLANG_WARN_ENUM_CONVERSION = YES;
				CLANG_WARN_INT_CONVERSION = YES;
				CLANG_WARN_OBJC_ROOT_CLASS = YES_ERROR;
				CLANG_WARN_UNREACHABLE_CODE = YES;
				CLANG_WARN__DUPLICATE_METHOD_MATCH = YES;
				COPY_PHASE_STRIP = NO;
				ENABLE_STRICT_OBJC_MSGSEND = YES;
				GCC_C_LANGUAGE_STANDARD = gnu99;
				GCC_DYNAMIC_NO_PIC = NO;
				GCC_OPTIMIZATION_LEVEL = 0;
				GCC_PREPROCESSOR_DEFINITIONS = (
					"DEBUG=1",
					"$(inherited)",
				);
				GCC_SYMBOLS_PRIVATE_EXTERN = NO;
				GCC_WARN_64_TO_32_BIT_CONVERSION = YES;
				GCC_WARN_ABOUT_RETURN_TYPE = YES_ERROR;
				GCC_WARN_UNDECLARED_SELECTOR = YES;
				GCC_WARN_UNINITIALIZED_AUTOS = YES_AGGRESSIVE;
				GCC_WARN_UNUSED_FUNCTION = YES;
				GCC_WARN_UNUSED_VARIABLE = YES;
				MACOSX_DEPLOYMENT_TARGET = 10.10;
				MTL_ENABLE_DEBUG_INFO = YES;
				ONLY_ACTIVE_ARCH = YES;
				SDKROOT = macosx;
			};
			name = Debug;
		};
		A0FC3F581B620E3F00250A60 /* Release */ = {
			isa = XCBuildConfiguration;
			buildSettings = {
				ALWAYS_SEARCH_USER_PATHS = NO;
				CLANG_CXX_LANGUAGE_STANDARD = "gnu++0x";
				CLANG_CXX_LIBRARY = "libc++";
				CLANG_ENABLE_MODULES = YES;
				CLANG_ENABLE_OBJC_ARC = YES;
				CLANG_WARN_BOOL_CONVERSION = YES;
				CLANG_WARN_CONSTANT_CONVERSION = YES;
				CLANG_WARN_DIRECT_OBJC_ISA_USAGE = YES_ERROR;
				CLANG_WARN_EMPTY_BODY = YES;
				CLANG_WARN_ENUM_CONVERSION = YES;
				CLANG_WARN_INT_CONVERSION = YES;
				CLANG_WARN_OBJC_ROOT_CLASS = YES_ERROR;
				CLANG_WARN_UNREACHABLE_CODE = YES;
				CLANG_WARN__DUPLICATE_METHOD_MATCH = YES;
				COPY_PHASE_STRIP = YES;
				DEBUG_INFORMATION_FORMAT = "dwarf-with-dsym";
				ENABLE_NS_ASSERTIONS = NO;
				ENABLE_STRICT_OBJC_MSGSEND = YES;
				GCC_C_LANGUAGE_STANDARD = gnu99;
				GCC_WARN_64_TO_32_BIT_CONVERSION = YES;
				GCC_WARN_ABOUT_RETURN_TYPE = YES_ERROR;
				GCC_WARN_UNDECLARED_SELECTOR = YES;
				GCC_WARN_UNINITIALIZED_AUTOS = YES_AGGRESSIVE;
				GCC_WARN_UNUSED_FUNCTION = YES;
				GCC_WARN_UNUSED_VARIABLE = YES;
				MACOSX_DEPLOYMENT_TARGET = 10.10;
				MTL_ENABLE_DEBUG_INFO = NO;
				SDKROOT = macosx;
			};
			name = Release;
		};
		A0FC3F5A1B620E3F00250A60 /* Debug */ = {
			isa = XCBuildConfiguration;
			buildSettings = {
				PRODUCT_NAME = "$(TARGET_NAME)";
			};
			name = Debug;
		};
		A0FC3F5B1B620E3F00250A60 /* Release */ = {
			isa = XCBuildConfiguration;
			buildSettings = {
				PRODUCT_NAME = "$(TARGET_NAME)";
			};
			name = Release;
		};
/* End XCBuildConfiguration section */

/* Begin XCConfigurationList section */
		A0FC3F4D1B620E3F00250A60 /* Build configuration list for PBXProject "NSObject_Demo" */ = {
			isa = XCConfigurationList;
			buildConfigurations = (
				A0FC3F571B620E3F00250A60 /* Debug */,
				A0FC3F581B620E3F00250A60 /* Release */,
			);
			defaultConfigurationIsVisible = 0;
			defaultConfigurationName = Release;
		};
		A0FC3F591B620E3F00250A60 /* Build configuration list for PBXNativeTarget "NSObject_Demo" */ = {
			isa = XCConfigurationList;
			buildConfigurations = (
				A0FC3F5A1B620E3F00250A60 /* Debug */,
				A0FC3F5B1B620E3F00250A60 /* Release */,
			);
			defaultConfigurationIsVisible = 0;
		};
/* End XCConfigurationList section */
	};
	rootObject = A0FC3F4A1B620E3F00250A60 /* Project object */;
}
