// !$*UTF8*$!
{
	archiveVersion = 1;
	classes = {
	};
	objectVersion = 46;
	objects = {

/* Begin PBXBuildFile section */
		A054751B1B68BEB700F4D1EC /* main.m in Sources */ = {isa = PBXBuildFile; fileRef = A054751A1B68BEB700F4D1EC /* main.m */; };
		A05475231B68BEC500F4D1EC /* Person.m in Sources */ = {isa = PBXBuildFile; fileRef = A05475221B68BEC500F4D1EC /* Person.m */; };
/* End PBXBuildFile section */

/* Begin PBXCopyFilesBuildPhase section */
		A05475151B68BEB700F4D1EC /* CopyFiles */ = {
			isa = PBXCopyFilesBuildPhase;
			buildActionMask = 2147483647;
			dstPath = /usr/share/man/man1/;
			dstSubfolderSpec = 0;
			files = (
			);
			runOnlyForDeploymentPostprocessing = 1;
		};
/* End PBXCopyFilesBuildPhase section */

/* Begin PBXFileReference section */
		A05475171B68BEB700F4D1EC /* ARC使用 */ = {isa = PBXFileReference; explicitFileType = "compiled.mach-o.executable"; includeInIndex = 0; path = "ARC使用"; sourceTree = BUILT_PRODUCTS_DIR; };
		A054751A1B68BEB700F4D1EC /* main.m */ = {isa = PBXFileReference; lastKnownFileType = sourcecode.c.objc; path = main.m; sourceTree = "<group>"; };
		A05475211B68BEC500F4D1EC /* Person.h */ = {isa = PBXFileReference; fileEncoding = 4; lastKnownFileType = sourcecode.c.h; path = Person.h; sourceTree = "<group>"; };
		A05475221B68BEC500F4D1EC /* Person.m */ = {isa = PBXFileReference; fileEncoding = 4; lastKnownFileType = sourcecode.c.objc; path = Person.m; sourceTree = "<group>"; };
/* End PBXFileReference section */

/* Begin PBXFrameworksBuildPhase section */
		A05475141B68BEB700F4D1EC /* Frameworks */ = {
			isa = PBXFrameworksBuildPhase;
			buildActionMask = 2147483647;
			files = (
			);
			runOnlyForDeploymentPostprocessing = 0;
		};
/* End PBXFrameworksBuildPhase section */

/* Begin PBXGroup section */
		A054750E1B68BEB700F4D1EC = {
			isa = PBXGroup;
			children = (
				A05475191B68BEB700F4D1EC /* ARC使用 */,
				A05475181B68BEB700F4D1EC /* Products */,
			);
			sourceTree = "<group>";
		};
		A05475181B68BEB700F4D1EC /* Products */ = {
			isa = PBXGroup;
			children = (
				A05475171B68BEB700F4D1EC /* ARC使用 */,
			);
			name = Products;
			sourceTree = "<group>";
		};
		A05475191B68BEB700F4D1EC /* ARC使用 */ = {
			isa = PBXGroup;
			children = (
				A054751A1B68BEB700F4D1EC /* main.m */,
				A05475211B68BEC500F4D1EC /* Person.h */,
				A05475221B68BEC500F4D1EC /* Person.m */,
			);
			path = "ARC使用";
			sourceTree = "<group>";
		};
/* End PBXGroup section */

/* Begin PBXNativeTarget section */
		A05475161B68BEB700F4D1EC /* ARC使用 */ = {
			isa = PBXNativeTarget;
			buildConfigurationList = A054751E1B68BEB700F4D1EC /* Build configuration list for PBXNativeTarget "ARC使用" */;
			buildPhases = (
				A05475131B68BEB700F4D1EC /* Sources */,
				A05475141B68BEB700F4D1EC /* Frameworks */,
				A05475151B68BEB700F4D1EC /* CopyFiles */,
			);
			buildRules = (
			);
			dependencies = (
			);
			name = "ARC使用";
			productName = "ARC使用";
			productReference = A05475171B68BEB700F4D1EC /* ARC使用 */;
			productType = "com.apple.product-type.tool";
		};
/* End PBXNativeTarget section */

/* Begin PBXProject section */
		A054750F1B68BEB700F4D1EC /* Project object */ = {
			isa = PBXProject;
			attributes = {
				LastUpgradeCheck = 0610;
				ORGANIZATIONNAME = "tens十安科技";
				TargetAttributes = {
					A05475161B68BEB700F4D1EC = {
						CreatedOnToolsVersion = 6.1.1;
					};
				};
			};
			buildConfigurationList = A05475121B68BEB700F4D1EC /* Build configuration list for PBXProject "ARC使用" */;
			compatibilityVersion = "Xcode 3.2";
			developmentRegion = English;
			hasScannedForEncodings = 0;
			knownRegions = (
				en,
			);
			mainGroup = A054750E1B68BEB700F4D1EC;
			productRefGroup = A05475181B68BEB700F4D1EC /* Products */;
			projectDirPath = "";
			projectRoot = "";
			targets = (
				A05475161B68BEB700F4D1EC /* ARC使用 */,
			);
		};
/* End PBXProject section */

/* Begin PBXSourcesBuildPhase section */
		A05475131B68BEB700F4D1EC /* Sources */ = {
			isa = PBXSourcesBuildPhase;
			buildActionMask = 2147483647;
			files = (
				A05475231B68BEC500F4D1EC /* Person.m in Sources */,
				A054751B1B68BEB700F4D1EC /* main.m in Sources */,
			);
			runOnlyForDeploymentPostprocessing = 0;
		};
/* End PBXSourcesBuildPhase section */

/* Begin XCBuildConfiguration section */
		A054751C1B68BEB700F4D1EC /* Debug */ = {
			isa = XCBuildConfiguration;
			buildSettings = {
				ALWAYS_SEARCH_USER_PATHS = NO;
				CLANG_CXX_LANGUAGE_STANDARD = "gnu++0x";
				CLANG_CXX_LIBRARY = "libc++";
				CLANG_ENABLE_MODULES = YES;
				CLANG_ENABLE_OBJC_ARC = YES;
				CLANG_WARN_BOOL_CONVERSION = YES;
				CLANG_WARN_CONSTANT_CONVERSION = YES;
				CLANG_WARN_DIRECT_OBJC_ISA_USAGE = YES_ERROR;
				CLANG_WARN_EMPTY_BODY = YES;
				CLANG_WARN_ENUM_CONVERSION = YES;
				CLANG_WARN_INT_CONVERSION = YES;
				CLANG_WARN_OBJC_ROOT_CLASS = YES_ERROR;
				CLANG_WARN_UNREACHABLE_CODE = YES;
				CLANG_WARN__DUPLICATE_METHOD_MATCH = YES;
				COPY_PHASE_STRIP = NO;
				ENABLE_STRICT_OBJC_MSGSEND = YES;
				GCC_C_LANGUAGE_STANDARD = gnu99;
				GCC_DYNAMIC_NO_PIC = NO;
				GCC_OPTIMIZATION_LEVEL = 0;
				GCC_PREPROCESSOR_DEFINITIONS = (
					"DEBUG=1",
					"$(inherited)",
				);
				GCC_SYMBOLS_PRIVATE_EXTERN = NO;
				GCC_WARN_64_TO_32_BIT_CONVERSION = YES;
				GCC_WARN_ABOUT_RETURN_TYPE = YES_ERROR;
				GCC_WARN_UNDECLARED_SELECTOR = YES;
				GCC_WARN_UNINITIALIZED_AUTOS = YES_AGGRESSIVE;
				GCC_WARN_UNUSED_FUNCTION = YES;
				GCC_WARN_UNUSED_VARIABLE = YES;
				MACOSX_DEPLOYMENT_TARGET = 10.10;
				MTL_ENABLE_DEBUG_INFO = YES;
				ONLY_ACTIVE_ARCH = YES;
				SDKROOT = macosx;
			};
			name = Debug;
		};
		A054751D1B68BEB700F4D1EC /* Release */ = {
			isa = XCBuildConfiguration;
			buildSettings = {
				ALWAYS_SEARCH_USER_PATHS = NO;
				CLANG_CXX_LANGUAGE_STANDARD = "gnu++0x";
				CLANG_CXX_LIBRARY = "libc++";
				CLANG_ENABLE_MODULES = YES;
				CLANG_ENABLE_OBJC_ARC = YES;
				CLANG_WARN_BOOL_CONVERSION = YES;
				CLANG_WARN_CONSTANT_CONVERSION = YES;
				CLANG_WARN_DIRECT_OBJC_ISA_USAGE = YES_ERROR;
				CLANG_WARN_EMPTY_BODY = YES;
				CLANG_WARN_ENUM_CONVERSION = YES;
				CLANG_WARN_INT_CONVERSION = YES;
				CLANG_WARN_OBJC_ROOT_CLASS = YES_ERROR;
				CLANG_WARN_UNREACHABLE_CODE = YES;
				CLANG_WARN__DUPLICATE_METHOD_MATCH = YES;
				COPY_PHASE_STRIP = YES;
				DEBUG_INFORMATION_FORMAT = "dwarf-with-dsym";
				ENABLE_NS_ASSERTIONS = NO;
				ENABLE_STRICT_OBJC_MSGSEND = YES;
				GCC_C_LANGUAGE_STANDARD = gnu99;
				GCC_WARN_64_TO_32_BIT_CONVERSION = YES;
				GCC_WARN_ABOUT_RETURN_TYPE = YES_ERROR;
				GCC_WARN_UNDECLARED_SELECTOR = YES;
				GCC_WARN_UNINITIALIZED_AUTOS = YES_AGGRESSIVE;
				GCC_WARN_UNUSED_FUNCTION = YES;
				GCC_WARN_UNUSED_VARIABLE = YES;
				MACOSX_DEPLOYMENT_TARGET = 10.10;
				MTL_ENABLE_DEBUG_INFO = NO;
				SDKROOT = macosx;
			};
			name = Release;
		};
		A054751F1B68BEB700F4D1EC /* Debug */ = {
			isa = XCBuildConfiguration;
			buildSettings = {
				PRODUCT_NAME = "$(TARGET_NAME)";
			};
			name = Debug;
		};
		A05475201B68BEB700F4D1EC /* Release */ = {
			isa = XCBuildConfiguration;
			buildSettings = {
				PRODUCT_NAME = "$(TARGET_NAME)";
			};
			name = Release;
		};
/* End XCBuildConfiguration section */

/* Begin XCConfigurationList section */
		A05475121B68BEB700F4D1EC /* Build configuration list for PBXProject "ARC使用" */ = {
			isa = XCConfigurationList;
			buildConfigurations = (
				A054751C1B68BEB700F4D1EC /* Debug */,
				A054751D1B68BEB700F4D1EC /* Release */,
			);
			defaultConfigurationIsVisible = 0;
			defaultConfigurationName = Release;
		};
		A054751E1B68BEB700F4D1EC /* Build configuration list for PBXNativeTarget "ARC使用" */ = {
			isa = XCConfigurationList;
			buildConfigurations = (
				A054751F1B68BEB700F4D1EC /* Debug */,
				A05475201B68BEB700F4D1EC /* Release */,
			);
			defaultConfigurationIsVisible = 0;
		};
/* End XCConfigurationList section */
	};
	rootObject = A054750F1B68BEB700F4D1EC /* Project object */;
}
