// !$*UTF8*$!
{
	archiveVersion = 1;
	classes = {
	};
	objectVersion = 46;
	objects = {

/* Begin PBXBuildFile section */
		A05475051B68AA4500F4D1EC /* main.m in Sources */ = {isa = PBXBuildFile; fileRef = A05475041B68AA4500F4D1EC /* main.m */; };
		A054750D1B68AA5500F4D1EC /* Student.m in Sources */ = {isa = PBXBuildFile; fileRef = A054750C1B68AA5500F4D1EC /* Student.m */; };
/* End PBXBuildFile section */

/* Begin PBXCopyFilesBuildPhase section */
		A05474FF1B68AA4500F4D1EC /* CopyFiles */ = {
			isa = PBXCopyFilesBuildPhase;
			buildActionMask = 2147483647;
			dstPath = /usr/share/man/man1/;
			dstSubfolderSpec = 0;
			files = (
			);
			runOnlyForDeploymentPostprocessing = 1;
		};
/* End PBXCopyFilesBuildPhase section */

/* Begin PBXFileReference section */
		A05475011B68AA4500F4D1EC /* @property关键字(MRC) */ = {isa = PBXFileReference; explicitFileType = "compiled.mach-o.executable"; includeInIndex = 0; path = "@property关键字(MRC)"; sourceTree = BUILT_PRODUCTS_DIR; };
		A05475041B68AA4500F4D1EC /* main.m */ = {isa = PBXFileReference; lastKnownFileType = sourcecode.c.objc; path = main.m; sourceTree = "<group>"; };
		A054750B1B68AA5500F4D1EC /* Student.h */ = {isa = PBXFileReference; fileEncoding = 4; lastKnownFileType = sourcecode.c.h; path = Student.h; sourceTree = "<group>"; };
		A054750C1B68AA5500F4D1EC /* Student.m */ = {isa = PBXFileReference; fileEncoding = 4; lastKnownFileType = sourcecode.c.objc; path = Student.m; sourceTree = "<group>"; };
/* End PBXFileReference section */

/* Begin PBXFrameworksBuildPhase section */
		A05474FE1B68AA4500F4D1EC /* Frameworks */ = {
			isa = PBXFrameworksBuildPhase;
			buildActionMask = 2147483647;
			files = (
			);
			runOnlyForDeploymentPostprocessing = 0;
		};
/* End PBXFrameworksBuildPhase section */

/* Begin PBXGroup section */
		A05474F81B68AA4500F4D1EC = {
			isa = PBXGroup;
			children = (
				A05475031B68AA4500F4D1EC /* @property关键字(MRC) */,
				A05475021B68AA4500F4D1EC /* Products */,
			);
			sourceTree = "<group>";
		};
		A05475021B68AA4500F4D1EC /* Products */ = {
			isa = PBXGroup;
			children = (
				A05475011B68AA4500F4D1EC /* @property关键字(MRC) */,
			);
			name = Products;
			sourceTree = "<group>";
		};
		A05475031B68AA4500F4D1EC /* @property关键字(MRC) */ = {
			isa = PBXGroup;
			children = (
				A05475041B68AA4500F4D1EC /* main.m */,
				A054750B1B68AA5500F4D1EC /* Student.h */,
				A054750C1B68AA5500F4D1EC /* Student.m */,
			);
			path = "@property关键字(MRC)";
			sourceTree = "<group>";
		};
/* End PBXGroup section */

/* Begin PBXNativeTarget section */
		A05475001B68AA4500F4D1EC /* @property关键字(MRC) */ = {
			isa = PBXNativeTarget;
			buildConfigurationList = A05475081B68AA4500F4D1EC /* Build configuration list for PBXNativeTarget "@property关键字(MRC)" */;
			buildPhases = (
				A05474FD1B68AA4500F4D1EC /* Sources */,
				A05474FE1B68AA4500F4D1EC /* Frameworks */,
				A05474FF1B68AA4500F4D1EC /* CopyFiles */,
			);
			buildRules = (
			);
			dependencies = (
			);
			name = "@property关键字(MRC)";
			productName = "@property关键字(MRC)";
			productReference = A05475011B68AA4500F4D1EC /* @property关键字(MRC) */;
			productType = "com.apple.product-type.tool";
		};
/* End PBXNativeTarget section */

/* Begin PBXProject section */
		A05474F91B68AA4500F4D1EC /* Project object */ = {
			isa = PBXProject;
			attributes = {
				LastUpgradeCheck = 0610;
				ORGANIZATIONNAME = "tens十安科技";
				TargetAttributes = {
					A05475001B68AA4500F4D1EC = {
						CreatedOnToolsVersion = 6.1.1;
					};
				};
			};
			buildConfigurationList = A05474FC1B68AA4500F4D1EC /* Build configuration list for PBXProject "@property关键字(MRC)" */;
			compatibilityVersion = "Xcode 3.2";
			developmentRegion = English;
			hasScannedForEncodings = 0;
			knownRegions = (
				en,
			);
			mainGroup = A05474F81B68AA4500F4D1EC;
			productRefGroup = A05475021B68AA4500F4D1EC /* Products */;
			projectDirPath = "";
			projectRoot = "";
			targets = (
				A05475001B68AA4500F4D1EC /* @property关键字(MRC) */,
			);
		};
/* End PBXProject section */

/* Begin PBXSourcesBuildPhase section */
		A05474FD1B68AA4500F4D1EC /* Sources */ = {
			isa = PBXSourcesBuildPhase;
			buildActionMask = 2147483647;
			files = (
				A05475051B68AA4500F4D1EC /* main.m in Sources */,
				A054750D1B68AA5500F4D1EC /* Student.m in Sources */,
			);
			runOnlyForDeploymentPostprocessing = 0;
		};
/* End PBXSourcesBuildPhase section */

/* Begin XCBuildConfiguration section */
		A05475061B68AA4500F4D1EC /* Debug */ = {
			isa = XCBuildConfiguration;
			buildSettings = {
				ALWAYS_SEARCH_USER_PATHS = NO;
				CLANG_CXX_LANGUAGE_STANDARD = "gnu++0x";
				CLANG_CXX_LIBRARY = "libc++";
				CLANG_ENABLE_MODULES = YES;
				CLANG_ENABLE_OBJC_ARC = NO;
				CLANG_WARN_BOOL_CONVERSION = YES;
				CLANG_WARN_CONSTANT_CONVERSION = YES;
				CLANG_WARN_DIRECT_OBJC_ISA_USAGE = YES_ERROR;
				CLANG_WARN_EMPTY_BODY = YES;
				CLANG_WARN_ENUM_CONVERSION = YES;
				CLANG_WARN_INT_CONVERSION = YES;
				CLANG_WARN_OBJC_ROOT_CLASS = YES_ERROR;
				CLANG_WARN_UNREACHABLE_CODE = YES;
				CLANG_WARN__DUPLICATE_METHOD_MATCH = YES;
				COPY_PHASE_STRIP = NO;
				ENABLE_STRICT_OBJC_MSGSEND = YES;
				GCC_C_LANGUAGE_STANDARD = gnu99;
				GCC_DYNAMIC_NO_PIC = NO;
				GCC_OPTIMIZATION_LEVEL = 0;
				GCC_PREPROCESSOR_DEFINITIONS = (
					"DEBUG=1",
					"$(inherited)",
				);
				GCC_SYMBOLS_PRIVATE_EXTERN = NO;
				GCC_WARN_64_TO_32_BIT_CONVERSION = YES;
				GCC_WARN_ABOUT_RETURN_TYPE = YES_ERROR;
				GCC_WARN_UNDECLARED_SELECTOR = YES;
				GCC_WARN_UNINITIALIZED_AUTOS = YES_AGGRESSIVE;
				GCC_WARN_UNUSED_FUNCTION = YES;
				GCC_WARN_UNUSED_VARIABLE = YES;
				MACOSX_DEPLOYMENT_TARGET = 10.10;
				MTL_ENABLE_DEBUG_INFO = YES;
				ONLY_ACTIVE_ARCH = YES;
				SDKROOT = macosx;
			};
			name = Debug;
		};
		A05475071B68AA4500F4D1EC /* Release */ = {
			isa = XCBuildConfiguration;
			buildSettings = {
				ALWAYS_SEARCH_USER_PATHS = NO;
				CLANG_CXX_LANGUAGE_STANDARD = "gnu++0x";
				CLANG_CXX_LIBRARY = "libc++";
				CLANG_ENABLE_MODULES = YES;
				CLANG_ENABLE_OBJC_ARC = NO;
				CLANG_WARN_BOOL_CONVERSION = YES;
				CLANG_WARN_CONSTANT_CONVERSION = YES;
				CLANG_WARN_DIRECT_OBJC_ISA_USAGE = YES_ERROR;
				CLANG_WARN_EMPTY_BODY = YES;
				CLANG_WARN_ENUM_CONVERSION = YES;
				CLANG_WARN_INT_CONVERSION = YES;
				CLANG_WARN_OBJC_ROOT_CLASS = YES_ERROR;
				CLANG_WARN_UNREACHABLE_CODE = YES;
				CLANG_WARN__DUPLICATE_METHOD_MATCH = YES;
				COPY_PHASE_STRIP = YES;
				DEBUG_INFORMATION_FORMAT = "dwarf-with-dsym";
				ENABLE_NS_ASSERTIONS = NO;
				ENABLE_STRICT_OBJC_MSGSEND = YES;
				GCC_C_LANGUAGE_STANDARD = gnu99;
				GCC_WARN_64_TO_32_BIT_CONVERSION = YES;
				GCC_WARN_ABOUT_RETURN_TYPE = YES_ERROR;
				GCC_WARN_UNDECLARED_SELECTOR = YES;
				GCC_WARN_UNINITIALIZED_AUTOS = YES_AGGRESSIVE;
				GCC_WARN_UNUSED_FUNCTION = YES;
				GCC_WARN_UNUSED_VARIABLE = YES;
				MACOSX_DEPLOYMENT_TARGET = 10.10;
				MTL_ENABLE_DEBUG_INFO = NO;
				SDKROOT = macosx;
			};
			name = Release;
		};
		A05475091B68AA4500F4D1EC /* Debug */ = {
			isa = XCBuildConfiguration;
			buildSettings = {
				PRODUCT_NAME = "$(TARGET_NAME)";
			};
			name = Debug;
		};
		A054750A1B68AA4500F4D1EC /* Release */ = {
			isa = XCBuildConfiguration;
			buildSettings = {
				PRODUCT_NAME = "$(TARGET_NAME)";
			};
			name = Release;
		};
/* End XCBuildConfiguration section */

/* Begin XCConfigurationList section */
		A05474FC1B68AA4500F4D1EC /* Build configuration list for PBXProject "@property关键字(MRC)" */ = {
			isa = XCConfigurationList;
			buildConfigurations = (
				A05475061B68AA4500F4D1EC /* Debug */,
				A05475071B68AA4500F4D1EC /* Release */,
			);
			defaultConfigurationIsVisible = 0;
			defaultConfigurationName = Release;
		};
		A05475081B68AA4500F4D1EC /* Build configuration list for PBXNativeTarget "@property关键字(MRC)" */ = {
			isa = XCConfigurationList;
			buildConfigurations = (
				A05475091B68AA4500F4D1EC /* Debug */,
				A054750A1B68AA4500F4D1EC /* Release */,
			);
			defaultConfigurationIsVisible = 0;
		};
/* End XCConfigurationList section */
	};
	rootObject = A05474F91B68AA4500F4D1EC /* Project object */;
}
