// !$*UTF8*$!
{
	archiveVersion = 1;
	classes = {
	};
	objectVersion = 46;
	objects = {

/* Begin PBXBuildFile section */
		A005E3731B5E3608003D7618 /* main.m in Sources */ = {isa = PBXBuildFile; fileRef = A005E3721B5E3608003D7618 /* main.m */; };
		A005E37B1B5E3617003D7618 /* Car.m in Sources */ = {isa = PBXBuildFile; fileRef = A005E37A1B5E3617003D7618 /* Car.m */; };
/* End PBXBuildFile section */

/* Begin PBXCopyFilesBuildPhase section */
		A005E36D1B5E3608003D7618 /* CopyFiles */ = {
			isa = PBXCopyFilesBuildPhase;
			buildActionMask = 2147483647;
			dstPath = /usr/share/man/man1/;
			dstSubfolderSpec = 0;
			files = (
			);
			runOnlyForDeploymentPostprocessing = 1;
		};
/* End PBXCopyFilesBuildPhase section */

/* Begin PBXFileReference section */
		A005E36F1B5E3608003D7618 /* 03、自定义初始化方法 */ = {isa = PBXFileReference; explicitFileType = "compiled.mach-o.executable"; includeInIndex = 0; path = "03、自定义初始化方法"; sourceTree = BUILT_PRODUCTS_DIR; };
		A005E3721B5E3608003D7618 /* main.m */ = {isa = PBXFileReference; lastKnownFileType = sourcecode.c.objc; path = main.m; sourceTree = "<group>"; };
		A005E3791B5E3617003D7618 /* Car.h */ = {isa = PBXFileReference; fileEncoding = 4; lastKnownFileType = sourcecode.c.h; path = Car.h; sourceTree = "<group>"; };
		A005E37A1B5E3617003D7618 /* Car.m */ = {isa = PBXFileReference; fileEncoding = 4; lastKnownFileType = sourcecode.c.objc; path = Car.m; sourceTree = "<group>"; };
/* End PBXFileReference section */

/* Begin PBXFrameworksBuildPhase section */
		A005E36C1B5E3608003D7618 /* Frameworks */ = {
			isa = PBXFrameworksBuildPhase;
			buildActionMask = 2147483647;
			files = (
			);
			runOnlyForDeploymentPostprocessing = 0;
		};
/* End PBXFrameworksBuildPhase section */

/* Begin PBXGroup section */
		A005E3661B5E3608003D7618 = {
			isa = PBXGroup;
			children = (
				A005E3711B5E3608003D7618 /* 03、自定义初始化方法 */,
				A005E3701B5E3608003D7618 /* Products */,
			);
			sourceTree = "<group>";
		};
		A005E3701B5E3608003D7618 /* Products */ = {
			isa = PBXGroup;
			children = (
				A005E36F1B5E3608003D7618 /* 03、自定义初始化方法 */,
			);
			name = Products;
			sourceTree = "<group>";
		};
		A005E3711B5E3608003D7618 /* 03、自定义初始化方法 */ = {
			isa = PBXGroup;
			children = (
				A005E3721B5E3608003D7618 /* main.m */,
				A005E3791B5E3617003D7618 /* Car.h */,
				A005E37A1B5E3617003D7618 /* Car.m */,
			);
			path = "03、自定义初始化方法";
			sourceTree = "<group>";
		};
/* End PBXGroup section */

/* Begin PBXNativeTarget section */
		A005E36E1B5E3608003D7618 /* 03、自定义初始化方法 */ = {
			isa = PBXNativeTarget;
			buildConfigurationList = A005E3761B5E3608003D7618 /* Build configuration list for PBXNativeTarget "03、自定义初始化方法" */;
			buildPhases = (
				A005E36B1B5E3608003D7618 /* Sources */,
				A005E36C1B5E3608003D7618 /* Frameworks */,
				A005E36D1B5E3608003D7618 /* CopyFiles */,
			);
			buildRules = (
			);
			dependencies = (
			);
			name = "03、自定义初始化方法";
			productName = "03、自定义初始化方法";
			productReference = A005E36F1B5E3608003D7618 /* 03、自定义初始化方法 */;
			productType = "com.apple.product-type.tool";
		};
/* End PBXNativeTarget section */

/* Begin PBXProject section */
		A005E3671B5E3608003D7618 /* Project object */ = {
			isa = PBXProject;
			attributes = {
				LastUpgradeCheck = 0610;
				ORGANIZATIONNAME = "tens十安科技";
				TargetAttributes = {
					A005E36E1B5E3608003D7618 = {
						CreatedOnToolsVersion = 6.1.1;
					};
				};
			};
			buildConfigurationList = A005E36A1B5E3608003D7618 /* Build configuration list for PBXProject "03、自定义初始化方法" */;
			compatibilityVersion = "Xcode 3.2";
			developmentRegion = English;
			hasScannedForEncodings = 0;
			knownRegions = (
				en,
			);
			mainGroup = A005E3661B5E3608003D7618;
			productRefGroup = A005E3701B5E3608003D7618 /* Products */;
			projectDirPath = "";
			projectRoot = "";
			targets = (
				A005E36E1B5E3608003D7618 /* 03、自定义初始化方法 */,
			);
		};
/* End PBXProject section */

/* Begin PBXSourcesBuildPhase section */
		A005E36B1B5E3608003D7618 /* Sources */ = {
			isa = PBXSourcesBuildPhase;
			buildActionMask = 2147483647;
			files = (
				A005E37B1B5E3617003D7618 /* Car.m in Sources */,
				A005E3731B5E3608003D7618 /* main.m in Sources */,
			);
			runOnlyForDeploymentPostprocessing = 0;
		};
/* End PBXSourcesBuildPhase section */

/* Begin XCBuildConfiguration section */
		A005E3741B5E3608003D7618 /* Debug */ = {
			isa = XCBuildConfiguration;
			buildSettings = {
				ALWAYS_SEARCH_USER_PATHS = NO;
				CLANG_CXX_LANGUAGE_STANDARD = "gnu++0x";
				CLANG_CXX_LIBRARY = "libc++";
				CLANG_ENABLE_MODULES = YES;
				CLANG_ENABLE_OBJC_ARC = YES;
				CLANG_WARN_BOOL_CONVERSION = YES;
				CLANG_WARN_CONSTANT_CONVERSION = YES;
				CLANG_WARN_DIRECT_OBJC_ISA_USAGE = YES_ERROR;
				CLANG_WARN_EMPTY_BODY = YES;
				CLANG_WARN_ENUM_CONVERSION = YES;
				CLANG_WARN_INT_CONVERSION = YES;
				CLANG_WARN_OBJC_ROOT_CLASS = YES_ERROR;
				CLANG_WARN_UNREACHABLE_CODE = YES;
				CLANG_WARN__DUPLICATE_METHOD_MATCH = YES;
				COPY_PHASE_STRIP = NO;
				ENABLE_STRICT_OBJC_MSGSEND = YES;
				GCC_C_LANGUAGE_STANDARD = gnu99;
				GCC_DYNAMIC_NO_PIC = NO;
				GCC_OPTIMIZATION_LEVEL = 0;
				GCC_PREPROCESSOR_DEFINITIONS = (
					"DEBUG=1",
					"$(inherited)",
				);
				GCC_SYMBOLS_PRIVATE_EXTERN = NO;
				GCC_WARN_64_TO_32_BIT_CONVERSION = YES;
				GCC_WARN_ABOUT_RETURN_TYPE = YES_ERROR;
				GCC_WARN_UNDECLARED_SELECTOR = YES;
				GCC_WARN_UNINITIALIZED_AUTOS = YES_AGGRESSIVE;
				GCC_WARN_UNUSED_FUNCTION = YES;
				GCC_WARN_UNUSED_VARIABLE = YES;
				MACOSX_DEPLOYMENT_TARGET = 10.10;
				MTL_ENABLE_DEBUG_INFO = YES;
				ONLY_ACTIVE_ARCH = YES;
				SDKROOT = macosx;
			};
			name = Debug;
		};
		A005E3751B5E3608003D7618 /* Release */ = {
			isa = XCBuildConfiguration;
			buildSettings = {
				ALWAYS_SEARCH_USER_PATHS = NO;
				CLANG_CXX_LANGUAGE_STANDARD = "gnu++0x";
				CLANG_CXX_LIBRARY = "libc++";
				CLANG_ENABLE_MODULES = YES;
				CLANG_ENABLE_OBJC_ARC = YES;
				CLANG_WARN_BOOL_CONVERSION = YES;
				CLANG_WARN_CONSTANT_CONVERSION = YES;
				CLANG_WARN_DIRECT_OBJC_ISA_USAGE = YES_ERROR;
				CLANG_WARN_EMPTY_BODY = YES;
				CLANG_WARN_ENUM_CONVERSION = YES;
				CLANG_WARN_INT_CONVERSION = YES;
				CLANG_WARN_OBJC_ROOT_CLASS = YES_ERROR;
				CLANG_WARN_UNREACHABLE_CODE = YES;
				CLANG_WARN__DUPLICATE_METHOD_MATCH = YES;
				COPY_PHASE_STRIP = YES;
				DEBUG_INFORMATION_FORMAT = "dwarf-with-dsym";
				ENABLE_NS_ASSERTIONS = NO;
				ENABLE_STRICT_OBJC_MSGSEND = YES;
				GCC_C_LANGUAGE_STANDARD = gnu99;
				GCC_WARN_64_TO_32_BIT_CONVERSION = YES;
				GCC_WARN_ABOUT_RETURN_TYPE = YES_ERROR;
				GCC_WARN_UNDECLARED_SELECTOR = YES;
				GCC_WARN_UNINITIALIZED_AUTOS = YES_AGGRESSIVE;
				GCC_WARN_UNUSED_FUNCTION = YES;
				GCC_WARN_UNUSED_VARIABLE = YES;
				MACOSX_DEPLOYMENT_TARGET = 10.10;
				MTL_ENABLE_DEBUG_INFO = NO;
				SDKROOT = macosx;
			};
			name = Release;
		};
		A005E3771B5E3608003D7618 /* Debug */ = {
			isa = XCBuildConfiguration;
			buildSettings = {
				PRODUCT_NAME = "$(TARGET_NAME)";
			};
			name = Debug;
		};
		A005E3781B5E3608003D7618 /* Release */ = {
			isa = XCBuildConfiguration;
			buildSettings = {
				PRODUCT_NAME = "$(TARGET_NAME)";
			};
			name = Release;
		};
/* End XCBuildConfiguration section */

/* Begin XCConfigurationList section */
		A005E36A1B5E3608003D7618 /* Build configuration list for PBXProject "03、自定义初始化方法" */ = {
			isa = XCConfigurationList;
			buildConfigurations = (
				A005E3741B5E3608003D7618 /* Debug */,
				A005E3751B5E3608003D7618 /* Release */,
			);
			defaultConfigurationIsVisible = 0;
			defaultConfigurationName = Release;
		};
		A005E3761B5E3608003D7618 /* Build configuration list for PBXNativeTarget "03、自定义初始化方法" */ = {
			isa = XCConfigurationList;
			buildConfigurations = (
				A005E3771B5E3608003D7618 /* Debug */,
				A005E3781B5E3608003D7618 /* Release */,
			);
			defaultConfigurationIsVisible = 0;
		};
/* End XCConfigurationList section */
	};
	rootObject = A005E3671B5E3608003D7618 /* Project object */;
}
